
Microsoft Visual Studio Solution File, Format Version 12.00
# Visual Studio 15
VisualStudioVersion = 15.0.26124.0
MinimumVisualStudioVersion = 15.0.26124.0
Project("{9A19103F-16F7-4668-BE54-9A1E7A4F7556}") = "Stocks.Crawl", "Stocks.Crawl\Stocks.Crawl.csproj", "{F5C7E765-5F98-4DAB-AEE9-7B2FCE6516FD}"
EndProject
Project("{9A19103F-16F7-4668-BE54-9A1E7A4F7556}") = "Stocks.Data", "Stocks.Data\Stocks.Data.csproj", "{6A7F38A6-21BB-4926-94A4-93A8FC783D27}"
EndProject
Project("{FAE04EC0-301F-11D3-BF4B-00C04F79EFBC}") = "Stocks.BL", "Stocks.BL\Stocks.BL.csproj", "{9A317072-33B0-420E-9383-53142CA5F9AB}"
EndProject
Global
	GlobalSection(SolutionConfigurationPlatforms) = preSolution
		Debug|Any CPU = Debug|Any CPU
		Debug|x64 = Debug|x64
		Debug|x86 = Debug|x86
		Release|Any CPU = Release|Any CPU
		Release|x64 = Release|x64
		Release|x86 = Release|x86
	EndGlobalSection
	GlobalSection(ProjectConfigurationPlatforms) = postSolution
		{F5C7E765-5F98-4DAB-AEE9-7B2FCE6516FD}.Debug|Any CPU.ActiveCfg = Debug|Any CPU
		{F5C7E765-5F98-4DAB-AEE9-7B2FCE6516FD}.Debug|Any CPU.Build.0 = Debug|Any CPU
		{F5C7E765-5F98-4DAB-AEE9-7B2FCE6516FD}.Debug|x64.ActiveCfg = Debug|Any CPU
		{F5C7E765-5F98-4DAB-AEE9-7B2FCE6516FD}.Debug|x64.Build.0 = Debug|Any CPU
		{F5C7E765-5F98-4DAB-AEE9-7B2FCE6516FD}.Debug|x86.ActiveCfg = Debug|Any CPU
		{F5C7E765-5F98-4DAB-AEE9-7B2FCE6516FD}.Debug|x86.Build.0 = Debug|Any CPU
		{F5C7E765-5F98-4DAB-AEE9-7B2FCE6516FD}.Release|Any CPU.ActiveCfg = Release|Any CPU
		{F5C7E765-5F98-4DAB-AEE9-7B2FCE6516FD}.Release|Any CPU.Build.0 = Release|Any CPU
		{F5C7E765-5F98-4DAB-AEE9-7B2FCE6516FD}.Release|x64.ActiveCfg = Release|Any CPU
		{F5C7E765-5F98-4DAB-AEE9-7B2FCE6516FD}.Release|x64.Build.0 = Release|Any CPU
		{F5C7E765-5F98-4DAB-AEE9-7B2FCE6516FD}.Release|x86.ActiveCfg = Release|Any CPU
		{F5C7E765-5F98-4DAB-AEE9-7B2FCE6516FD}.Release|x86.Build.0 = Release|Any CPU
		{6A7F38A6-21BB-4926-94A4-93A8FC783D27}.Debug|Any CPU.ActiveCfg = Debug|Any CPU
		{6A7F38A6-21BB-4926-94A4-93A8FC783D27}.Debug|Any CPU.Build.0 = Debug|Any CPU
		{6A7F38A6-21BB-4926-94A4-93A8FC783D27}.Debug|x64.ActiveCfg = Debug|Any CPU
		{6A7F38A6-21BB-4926-94A4-93A8FC783D27}.Debug|x64.Build.0 = Debug|Any CPU
		{6A7F38A6-21BB-4926-94A4-93A8FC783D27}.Debug|x86.ActiveCfg = Debug|Any CPU
		{6A7F38A6-21BB-4926-94A4-93A8FC783D27}.Debug|x86.Build.0 = Debug|Any CPU
		{6A7F38A6-21BB-4926-94A4-93A8FC783D27}.Release|Any CPU.ActiveCfg = Release|Any CPU
		{6A7F38A6-21BB-4926-94A4-93A8FC783D27}.Release|Any CPU.Build.0 = Release|Any CPU
		{6A7F38A6-21BB-4926-94A4-93A8FC783D27}.Release|x64.ActiveCfg = Release|Any CPU
		{6A7F38A6-21BB-4926-94A4-93A8FC783D27}.Release|x64.Build.0 = Release|Any CPU
		{6A7F38A6-21BB-4926-94A4-93A8FC783D27}.Release|x86.ActiveCfg = Release|Any CPU
		{6A7F38A6-21BB-4926-94A4-93A8FC783D27}.Release|x86.Build.0 = Release|Any CPU
		{9A317072-33B0-420E-9383-53142CA5F9AB}.Debug|Any CPU.ActiveCfg = Debug|Any CPU
		{9A317072-33B0-420E-9383-53142CA5F9AB}.Debug|Any CPU.Build.0 = Debug|Any CPU
		{9A317072-33B0-420E-9383-53142CA5F9AB}.Debug|x64.ActiveCfg = Debug|Any CPU
		{9A317072-33B0-420E-9383-53142CA5F9AB}.Debug|x64.Build.0 = Debug|Any CPU
		{9A317072-33B0-420E-9383-53142CA5F9AB}.Debug|x86.ActiveCfg = Debug|Any CPU
		{9A317072-33B0-420E-9383-53142CA5F9AB}.Debug|x86.Build.0 = Debug|Any CPU
		{9A317072-33B0-420E-9383-53142CA5F9AB}.Release|Any CPU.ActiveCfg = Release|Any CPU
		{9A317072-33B0-420E-9383-53142CA5F9AB}.Release|Any CPU.Build.0 = Release|Any CPU
		{9A317072-33B0-420E-9383-53142CA5F9AB}.Release|x64.ActiveCfg = Release|Any CPU
		{9A317072-33B0-420E-9383-53142CA5F9AB}.Release|x64.Build.0 = Release|Any CPU
		{9A317072-33B0-420E-9383-53142CA5F9AB}.Release|x86.ActiveCfg = Release|Any CPU
		{9A317072-33B0-420E-9383-53142CA5F9AB}.Release|x86.Build.0 = Release|Any CPU
	EndGlobalSection
	GlobalSection(SolutionProperties) = preSolution
		HideSolutionNode = FALSE
	EndGlobalSection
	GlobalSection(ExtensibilityGlobals) = postSolution
		SolutionGuid = {FFF64889-1E45-46D5-8198-2A51D0E07C23}
	EndGlobalSection
EndGlobal
